
Microsoft Visual Studio Solution File, Format Version 12.00
# Visual Studio Version 17
VisualStudioVersion = 17.5.33502.453
MinimumVisualStudioVersion = 10.0.40219.1
Project("{FAE04EC0-301F-11D3-BF4B-00C04F79EFBC}") = "Ex_3", "Ex_3\Ex_3.csproj", "{1559CCD4-0C1D-441E-9613-FA19EA3D104A}"
EndProject
Global
	GlobalSection(SolutionConfigurationPlatforms) = preSolution
		Debug|Any CPU = Debug|Any CPU
		Release|Any CPU = Release|Any CPU
	EndGlobalSection
	GlobalSection(ProjectConfigurationPlatforms) = postSolution
		{1559CCD4-0C1D-441E-9613-FA19EA3D104A}.Debug|Any CPU.ActiveCfg = Debug|Any CPU
		{1559CCD4-0C1D-441E-9613-FA19EA3D104A}.Debug|Any CPU.Build.0 = Debug|Any CPU
		{1559CCD4-0C1D-441E-9613-FA19EA3D104A}.Release|Any CPU.ActiveCfg = Release|Any CPU
		{1559CCD4-0C1D-441E-9613-FA19EA3D104A}.Release|Any CPU.Build.0 = Release|Any CPU
	EndGlobalSection
	GlobalSection(SolutionProperties) = preSolution
		HideSolutionNode = FALSE
	EndGlobalSection
	GlobalSection(ExtensibilityGlobals) = postSolution
		SolutionGuid = {854A3C6D-B589-4FE4-9730-54B7C0886CF6}
	EndGlobalSection
EndGlobal
