
Microsoft Visual Studio Solution File, Format Version 12.00
# Visual Studio Version 17
VisualStudioVersion = 17.5.33502.453
MinimumVisualStudioVersion = 10.0.40219.1
Project("{FAE04EC0-301F-11D3-BF4B-00C04F79EFBC}") = "Ex_4", "Ex_4\Ex_4.csproj", "{D2AD6C71-7A97-4F5C-BEE4-3381DED51D6B}"
EndProject
Global
	GlobalSection(SolutionConfigurationPlatforms) = preSolution
		Debug|Any CPU = Debug|Any CPU
		Release|Any CPU = Release|Any CPU
	EndGlobalSection
	GlobalSection(ProjectConfigurationPlatforms) = postSolution
		{D2AD6C71-7A97-4F5C-BEE4-3381DED51D6B}.Debug|Any CPU.ActiveCfg = Debug|Any CPU
		{D2AD6C71-7A97-4F5C-BEE4-3381DED51D6B}.Debug|Any CPU.Build.0 = Debug|Any CPU
		{D2AD6C71-7A97-4F5C-BEE4-3381DED51D6B}.Release|Any CPU.ActiveCfg = Release|Any CPU
		{D2AD6C71-7A97-4F5C-BEE4-3381DED51D6B}.Release|Any CPU.Build.0 = Release|Any CPU
	EndGlobalSection
	GlobalSection(SolutionProperties) = preSolution
		HideSolutionNode = FALSE
	EndGlobalSection
	GlobalSection(ExtensibilityGlobals) = postSolution
		SolutionGuid = {B2E055AF-7433-44B4-A979-861BC2494B23}
	EndGlobalSection
EndGlobal
